
Microsoft Visual Studio Solution File, Format Version 12.00
# Visual Studio Version 17
VisualStudioVersion = 17.14.37012.4 d17.14
MinimumVisualStudioVersion = 10.0.40219.1
Project("{FAE04EC0-301F-11D3-BF4B-00C04F79EFBC}") = "JurnalModul6_103082400023", "JurnalModul6_103082400023.csproj", "{FF1647CE-4C41-4D98-BA14-B91EB29668E6}"
EndProject
Global
	GlobalSection(SolutionConfigurationPlatforms) = preSolution
		Debug|Any CPU = Debug|Any CPU
		Release|Any CPU = Release|Any CPU
	EndGlobalSection
	GlobalSection(ProjectConfigurationPlatforms) = postSolution
		{FF1647CE-4C41-4D98-BA14-B91EB29668E6}.Debug|Any CPU.ActiveCfg = Debug|Any CPU
		{FF1647CE-4C41-4D98-BA14-B91EB29668E6}.Debug|Any CPU.Build.0 = Debug|Any CPU
		{FF1647CE-4C41-4D98-BA14-B91EB29668E6}.Release|Any CPU.ActiveCfg = Release|Any CPU
		{FF1647CE-4C41-4D98-BA14-B91EB29668E6}.Release|Any CPU.Build.0 = Release|Any CPU
	EndGlobalSection
	GlobalSection(SolutionProperties) = preSolution
		HideSolutionNode = FALSE
	EndGlobalSection
	GlobalSection(ExtensibilityGlobals) = postSolution
		SolutionGuid = {EEB4F4CB-938B-4C8E-8679-AFECE979E03E}
	EndGlobalSection
EndGlobal
